// !$*UTF8*$!
{
	archiveVersion = 1;
	classes = {
	};
	objectVersion = 46;
	objects = {

/* Begin PBXBuildFile section */
		575A858D1E632DCF001EE1CA /* AppDelegate.swift in Sources */ = {isa = PBXBuildFile; fileRef = 575A858C1E632DCF001EE1CA /* AppDelegate.swift */; };
		575A858F1E632DCF001EE1CA /* ViewController.swift in Sources */ = {isa = PBXBuildFile; fileRef = 575A858E1E632DCF001EE1CA /* ViewController.swift */; };
		575A85921E632DCF001EE1CA /* Main.storyboard in Resources */ = {isa = PBXBuildFile; fileRef = 575A85901E632DCF001EE1CA /* Main.storyboard */; };
		575A85941E632DCF001EE1CA /* Assets.xcassets in Resources */ = {isa = PBXBuildFile; fileRef = 575A85931E632DCF001EE1CA /* Assets.xcassets */; };
		575A85971E632DCF001EE1CA /* LaunchScreen.storyboard in Resources */ = {isa = PBXBuildFile; fileRef = 575A85951E632DCF001EE1CA /* LaunchScreen.storyboard */; };
		575A85A31E634804001EE1CA /* TamanoViewController.swift in Sources */ = {isa = PBXBuildFile; fileRef = 575A85A21E634804001EE1CA /* TamanoViewController.swift */; };
		575A85A51E636F59001EE1CA /* MasaViewController.swift in Sources */ = {isa = PBXBuildFile; fileRef = 575A85A41E636F59001EE1CA /* MasaViewController.swift */; };
		575A85A71E636F87001EE1CA /* QuesoViewController.swift in Sources */ = {isa = PBXBuildFile; fileRef = 575A85A61E636F87001EE1CA /* QuesoViewController.swift */; };
		575A85A91E636FAE001EE1CA /* IngredientesViewController.swift in Sources */ = {isa = PBXBuildFile; fileRef = 575A85A81E636FAE001EE1CA /* IngredientesViewController.swift */; };
		575A85AB1E636FDA001EE1CA /* ResumenViewController.swift in Sources */ = {isa = PBXBuildFile; fileRef = 575A85AA1E636FDA001EE1CA /* ResumenViewController.swift */; };
		57CF96381E6386840031E9A2 /* PizzaClass.swift in Sources */ = {isa = PBXBuildFile; fileRef = 57CF96371E6386840031E9A2 /* PizzaClass.swift */; };
/* End PBXBuildFile section */

/* Begin PBXFileReference section */
		575A85891E632DCF001EE1CA /* Pizza.app */ = {isa = PBXFileReference; explicitFileType = wrapper.application; includeInIndex = 0; path = Pizza.app; sourceTree = BUILT_PRODUCTS_DIR; };
		575A858C1E632DCF001EE1CA /* AppDelegate.swift */ = {isa = PBXFileReference; lastKnownFileType = sourcecode.swift; path = AppDelegate.swift; sourceTree = "<group>"; };
		575A858E1E632DCF001EE1CA /* ViewController.swift */ = {isa = PBXFileReference; lastKnownFileType = sourcecode.swift; path = ViewController.swift; sourceTree = "<group>"; };
		575A85911E632DCF001EE1CA /* Base */ = {isa = PBXFileReference; lastKnownFileType = file.storyboard; name = Base; path = Base.lproj/Main.storyboard; sourceTree = "<group>"; };
		575A85931E632DCF001EE1CA /* Assets.xcassets */ = {isa = PBXFileReference; lastKnownFileType = folder.assetcatalog; path = Assets.xcassets; sourceTree = "<group>"; };
		575A85961E632DCF001EE1CA /* Base */ = {isa = PBXFileReference; lastKnownFileType = file.storyboard; name = Base; path = Base.lproj/LaunchScreen.storyboard; sourceTree = "<group>"; };
		575A85981E632DCF001EE1CA /* Info.plist */ = {isa = PBXFileReference; lastKnownFileType = text.plist.xml; path = Info.plist; sourceTree = "<group>"; };
		575A85A21E634804001EE1CA /* TamanoViewController.swift */ = {isa = PBXFileReference; fileEncoding = 4; lastKnownFileType = sourcecode.swift; path = TamanoViewController.swift; sourceTree = "<group>"; };
		575A85A41E636F59001EE1CA /* MasaViewController.swift */ = {isa = PBXFileReference; fileEncoding = 4; lastKnownFileType = sourcecode.swift; path = MasaViewController.swift; sourceTree = "<group>"; };
		575A85A61E636F87001EE1CA /* QuesoViewController.swift */ = {isa = PBXFileReference; fileEncoding = 4; lastKnownFileType = sourcecode.swift; path = QuesoViewController.swift; sourceTree = "<group>"; };
		575A85A81E636FAE001EE1CA /* IngredientesViewController.swift */ = {isa = PBXFileReference; fileEncoding = 4; lastKnownFileType = sourcecode.swift; path = IngredientesViewController.swift; sourceTree = "<group>"; };
		575A85AA1E636FDA001EE1CA /* ResumenViewController.swift */ = {isa = PBXFileReference; fileEncoding = 4; lastKnownFileType = sourcecode.swift; path = ResumenViewController.swift; sourceTree = "<group>"; };
		57CF96371E6386840031E9A2 /* PizzaClass.swift */ = {isa = PBXFileReference; fileEncoding = 4; lastKnownFileType = sourcecode.swift; path = PizzaClass.swift; sourceTree = "<group>"; };
/* End PBXFileReference section */

/* Begin PBXFrameworksBuildPhase section */
		575A85861E632DCF001EE1CA /* Frameworks */ = {
			isa = PBXFrameworksBuildPhase;
			buildActionMask = 2147483647;
			files = (
			);
			runOnlyForDeploymentPostprocessing = 0;
		};
/* End PBXFrameworksBuildPhase section */

/* Begin PBXGroup section */
		575A85801E632DCF001EE1CA = {
			isa = PBXGroup;
			children = (
				575A858B1E632DCF001EE1CA /* Pizza */,
				575A858A1E632DCF001EE1CA /* Products */,
			);
			sourceTree = "<group>";
		};
		575A858A1E632DCF001EE1CA /* Products */ = {
			isa = PBXGroup;
			children = (
				575A85891E632DCF001EE1CA /* Pizza.app */,
			);
			name = Products;
			sourceTree = "<group>";
		};
		575A858B1E632DCF001EE1CA /* Pizza */ = {
			isa = PBXGroup;
			children = (
				575A85AC1E637343001EE1CA /* Clases */,
				575A858C1E632DCF001EE1CA /* AppDelegate.swift */,
				575A858E1E632DCF001EE1CA /* ViewController.swift */,
				575A85901E632DCF001EE1CA /* Main.storyboard */,
				575A85931E632DCF001EE1CA /* Assets.xcassets */,
				575A85951E632DCF001EE1CA /* LaunchScreen.storyboard */,
				575A85981E632DCF001EE1CA /* Info.plist */,
				575A85A21E634804001EE1CA /* TamanoViewController.swift */,
				575A85A41E636F59001EE1CA /* MasaViewController.swift */,
				575A85A61E636F87001EE1CA /* QuesoViewController.swift */,
				575A85A81E636FAE001EE1CA /* IngredientesViewController.swift */,
				575A85AA1E636FDA001EE1CA /* ResumenViewController.swift */,
			);
			path = Pizza;
			sourceTree = "<group>";
		};
		575A85AC1E637343001EE1CA /* Clases */ = {
			isa = PBXGroup;
			children = (
				57CF96371E6386840031E9A2 /* PizzaClass.swift */,
			);
			name = Clases;
			sourceTree = "<group>";
		};
/* End PBXGroup section */

/* Begin PBXNativeTarget section */
		575A85881E632DCF001EE1CA /* Pizza */ = {
			isa = PBXNativeTarget;
			buildConfigurationList = 575A859B1E632DCF001EE1CA /* Build configuration list for PBXNativeTarget "Pizza" */;
			buildPhases = (
				575A85851E632DCF001EE1CA /* Sources */,
				575A85861E632DCF001EE1CA /* Frameworks */,
				575A85871E632DCF001EE1CA /* Resources */,
			);
			buildRules = (
			);
			dependencies = (
			);
			name = Pizza;
			productName = Pizza;
			productReference = 575A85891E632DCF001EE1CA /* Pizza.app */;
			productType = "com.apple.product-type.application";
		};
/* End PBXNativeTarget section */

/* Begin PBXProject section */
		575A85811E632DCF001EE1CA /* Project object */ = {
			isa = PBXProject;
			attributes = {
				LastSwiftUpdateCheck = 0820;
				LastUpgradeCheck = 0820;
				ORGANIZATIONNAME = "Victor Ernesto Velasco Esquivel";
				TargetAttributes = {
					575A85881E632DCF001EE1CA = {
						CreatedOnToolsVersion = 8.2.1;
						ProvisioningStyle = Automatic;
					};
				};
			};
			buildConfigurationList = 575A85841E632DCF001EE1CA /* Build configuration list for PBXProject "Pizza" */;
			compatibilityVersion = "Xcode 3.2";
			developmentRegion = English;
			hasScannedForEncodings = 0;
			knownRegions = (
				en,
				Base,
			);
			mainGroup = 575A85801E632DCF001EE1CA;
			productRefGroup = 575A858A1E632DCF001EE1CA /* Products */;
			projectDirPath = "";
			projectRoot = "";
			targets = (
				575A85881E632DCF001EE1CA /* Pizza */,
			);
		};
/* End PBXProject section */

/* Begin PBXResourcesBuildPhase section */
		575A85871E632DCF001EE1CA /* Resources */ = {
			isa = PBXResourcesBuildPhase;
			buildActionMask = 2147483647;
			files = (
				575A85971E632DCF001EE1CA /* LaunchScreen.storyboard in Resources */,
				575A85941E632DCF001EE1CA /* Assets.xcassets in Resources */,
				575A85921E632DCF001EE1CA /* Main.storyboard in Resources */,
			);
			runOnlyForDeploymentPostprocessing = 0;
		};
/* End PBXResourcesBuildPhase section */

/* Begin PBXSourcesBuildPhase section */
		575A85851E632DCF001EE1CA /* Sources */ = {
			isa = PBXSourcesBuildPhase;
			buildActionMask = 2147483647;
			files = (
				57CF96381E6386840031E9A2 /* PizzaClass.swift in Sources */,
				575A85A91E636FAE001EE1CA /* IngredientesViewController.swift in Sources */,
				575A85A51E636F59001EE1CA /* MasaViewController.swift in Sources */,
				575A858F1E632DCF001EE1CA /* ViewController.swift in Sources */,
				575A858D1E632DCF001EE1CA /* AppDelegate.swift in Sources */,
				575A85AB1E636FDA001EE1CA /* ResumenViewController.swift in Sources */,
				575A85A31E634804001EE1CA /* TamanoViewController.swift in Sources */,
				575A85A71E636F87001EE1CA /* QuesoViewController.swift in Sources */,
			);
			runOnlyForDeploymentPostprocessing = 0;
		};
/* End PBXSourcesBuildPhase section */

/* Begin PBXVariantGroup section */
		575A85901E632DCF001EE1CA /* Main.storyboard */ = {
			isa = PBXVariantGroup;
			children = (
				575A85911E632DCF001EE1CA /* Base */,
			);
			name = Main.storyboard;
			sourceTree = "<group>";
		};
		575A85951E632DCF001EE1CA /* LaunchScreen.storyboard */ = {
			isa = PBXVariantGroup;
			children = (
				575A85961E632DCF001EE1CA /* Base */,
			);
			name = LaunchScreen.storyboard;
			sourceTree = "<group>";
		};
/* End PBXVariantGroup section */

/* Begin XCBuildConfiguration section */
		575A85991E632DCF001EE1CA /* Debug */ = {
			isa = XCBuildConfiguration;
			buildSettings = {
				ALWAYS_SEARCH_USER_PATHS = NO;
				CLANG_ANALYZER_NONNULL = YES;
				CLANG_CXX_LANGUAGE_STANDARD = "gnu++0x";
				CLANG_CXX_LIBRARY = "libc++";
				CLANG_ENABLE_MODULES = YES;
				CLANG_ENABLE_OBJC_ARC = YES;
				CLANG_WARN_BOOL_CONVERSION = YES;
				CLANG_WARN_CONSTANT_CONVERSION = YES;
				CLANG_WARN_DIRECT_OBJC_ISA_USAGE = YES_ERROR;
				CLANG_WARN_DOCUMENTATION_COMMENTS = YES;
				CLANG_WARN_EMPTY_BODY = YES;
				CLANG_WARN_ENUM_CONVERSION = YES;
				CLANG_WARN_INFINITE_RECURSION = YES;
				CLANG_WARN_INT_CONVERSION = YES;
				CLANG_WARN_OBJC_ROOT_CLASS = YES_ERROR;
				CLANG_WARN_SUSPICIOUS_MOVE = YES;
				CLANG_WARN_UNREACHABLE_CODE = YES;
				CLANG_WARN__DUPLICATE_METHOD_MATCH = YES;
				"CODE_SIGN_IDENTITY[sdk=iphoneos*]" = "iPhone Developer";
				COPY_PHASE_STRIP = NO;
				DEBUG_INFORMATION_FORMAT = dwarf;
				ENABLE_STRICT_OBJC_MSGSEND = YES;
				ENABLE_TESTABILITY = YES;
				GCC_C_LANGUAGE_STANDARD = gnu99;
				GCC_DYNAMIC_NO_PIC = NO;
				GCC_NO_COMMON_BLOCKS = YES;
				GCC_OPTIMIZATION_LEVEL = 0;
				GCC_PREPROCESSOR_DEFINITIONS = (
					"DEBUG=1",
					"$(inherited)",
				);
				GCC_WARN_64_TO_32_BIT_CONVERSION = YES;
				GCC_WARN_ABOUT_RETURN_TYPE = YES_ERROR;
				GCC_WARN_UNDECLARED_SELECTOR = YES;
				GCC_WARN_UNINITIALIZED_AUTOS = YES_AGGRESSIVE;
				GCC_WARN_UNUSED_FUNCTION = YES;
				GCC_WARN_UNUSED_VARIABLE = YES;
				IPHONEOS_DEPLOYMENT_TARGET = 10.2;
				MTL_ENABLE_DEBUG_INFO = YES;
				ONLY_ACTIVE_ARCH = YES;
				SDKROOT = iphoneos;
				SWIFT_ACTIVE_COMPILATION_CONDITIONS = DEBUG;
				SWIFT_OPTIMIZATION_LEVEL = "-Onone";
				TARGETED_DEVICE_FAMILY = "1,2";
			};
			name = Debug;
		};
		575A859A1E632DCF001EE1CA /* Release */ = {
			isa = XCBuildConfiguration;
			buildSettings = {
				ALWAYS_SEARCH_USER_PATHS = NO;
				CLANG_ANALYZER_NONNULL = YES;
				CLANG_CXX_LANGUAGE_STANDARD = "gnu++0x";
				CLANG_CXX_LIBRARY = "libc++";
				CLANG_ENABLE_MODULES = YES;
				CLANG_ENABLE_OBJC_ARC = YES;
				CLANG_WARN_BOOL_CONVERSION = YES;
				CLANG_WARN_CONSTANT_CONVERSION = YES;
				CLANG_WARN_DIRECT_OBJC_ISA_USAGE = YES_ERROR;
				CLANG_WARN_DOCUMENTATION_COMMENTS = YES;
				CLANG_WARN_EMPTY_BODY = YES;
				CLANG_WARN_ENUM_CONVERSION = YES;
				CLANG_WARN_INFINITE_RECURSION = YES;
				CLANG_WARN_INT_CONVERSION = YES;
				CLANG_WARN_OBJC_ROOT_CLASS = YES_ERROR;
				CLANG_WARN_SUSPICIOUS_MOVE = YES;
				CLANG_WARN_UNREACHABLE_CODE = YES;
				CLANG_WARN__DUPLICATE_METHOD_MATCH = YES;
				"CODE_SIGN_IDENTITY[sdk=iphoneos*]" = "iPhone Developer";
				COPY_PHASE_STRIP = NO;
				DEBUG_INFORMATION_FORMAT = "dwarf-with-dsym";
				ENABLE_NS_ASSERTIONS = NO;
				ENABLE_STRICT_OBJC_MSGSEND = YES;
				GCC_C_LANGUAGE_STANDARD = gnu99;
				GCC_NO_COMMON_BLOCKS = YES;
				GCC_WARN_64_TO_32_BIT_CONVERSION = YES;
				GCC_WARN_ABOUT_RETURN_TYPE = YES_ERROR;
				GCC_WARN_UNDECLARED_SELECTOR = YES;
				GCC_WARN_UNINITIALIZED_AUTOS = YES_AGGRESSIVE;
				GCC_WARN_UNUSED_FUNCTION = YES;
				GCC_WARN_UNUSED_VARIABLE = YES;
				IPHONEOS_DEPLOYMENT_TARGET = 10.2;
				MTL_ENABLE_DEBUG_INFO = NO;
				SDKROOT = iphoneos;
				SWIFT_OPTIMIZATION_LEVEL = "-Owholemodule";
				TARGETED_DEVICE_FAMILY = "1,2";
				VALIDATE_PRODUCT = YES;
			};
			name = Release;
		};
		575A859C1E632DCF001EE1CA /* Debug */ = {
			isa = XCBuildConfiguration;
			buildSettings = {
				ASSETCATALOG_COMPILER_APPICON_NAME = AppIcon;
				INFOPLIST_FILE = Pizza/Info.plist;
				LD_RUNPATH_SEARCH_PATHS = "$(inherited) @executable_path/Frameworks";
				PRODUCT_BUNDLE_IDENTIFIER = mx.VEVE.Pizza;
				PRODUCT_NAME = "$(TARGET_NAME)";
				SWIFT_VERSION = 3.0;
			};
			name = Debug;
		};
		575A859D1E632DCF001EE1CA /* Release */ = {
			isa = XCBuildConfiguration;
			buildSettings = {
				ASSETCATALOG_COMPILER_APPICON_NAME = AppIcon;
				INFOPLIST_FILE = Pizza/Info.plist;
				LD_RUNPATH_SEARCH_PATHS = "$(inherited) @executable_path/Frameworks";
				PRODUCT_BUNDLE_IDENTIFIER = mx.VEVE.Pizza;
				PRODUCT_NAME = "$(TARGET_NAME)";
				SWIFT_VERSION = 3.0;
			};
			name = Release;
		};
/* End XCBuildConfiguration section */

/* Begin XCConfigurationList section */
		575A85841E632DCF001EE1CA /* Build configuration list for PBXProject "Pizza" */ = {
			isa = XCConfigurationList;
			buildConfigurations = (
				575A85991E632DCF001EE1CA /* Debug */,
				575A859A1E632DCF001EE1CA /* Release */,
			);
			defaultConfigurationIsVisible = 0;
			defaultConfigurationName = Release;
		};
		575A859B1E632DCF001EE1CA /* Build configuration list for PBXNativeTarget "Pizza" */ = {
			isa = XCConfigurationList;
			buildConfigurations = (
				575A859C1E632DCF001EE1CA /* Debug */,
				575A859D1E632DCF001EE1CA /* Release */,
			);
			defaultConfigurationIsVisible = 0;
			defaultConfigurationName = Release;
		};
/* End XCConfigurationList section */
	};
	rootObject = 575A85811E632DCF001EE1CA /* Project object */;
}
